{
  "lock_version": 1,
  "skill": "empty-body",
  "files": {
    "SKILL.md": "sha256:08d20781e107505a54e2514dfa4f2d2fc85109e9d5eddd67bb49b0976cb93f6a",
    "skill.abi.yaml": "sha256:397615607d3fade72a0ff2df40ff2635622673ddd3359874cb11d8f0684526a0",
    "effects.yaml": "sha256:d406e0b86dd337708472d688d36bbbb70fd4b724b456ec6563af1953b001a534",
    "degradation.yaml": "sha256:09e67e81d79859bb3d59ce559225b8545d8d5ef3b0d10808712cbdafd5a99c68",
    "schemas/input.json": "sha256:ff419ebbeba438f66900abe77818ce940702bdfe70fa173cb94beecee8d3f112",
    "schemas/output.json": "sha256:ff419ebbeba438f66900abe77818ce940702bdfe70fa173cb94beecee8d3f112",
    "bindings/rt.yaml": "sha256:d5bc7750f7b6fe55b0b38546ea9c1d7b68b1d7d21b0832c4c7c6fc04a27b5cdf",
    "conformance/invariants.yaml": "sha256:7897638b133b5d38122f091d55a4a2b2ed3df29ae9ce0199fb03dd2617853a1e"
  }
}
