{
  "lock_version": 1,
  "skill": "demo-skill",
  "files": {
    "SKILL.md": "sha256:0a88d07e767c7fb2496b0649ee2bb88b906719b7cfa62e16a6fa0f368fa49222",
    "skill.abi.yaml": "sha256:ed623eeaf5cdf147ef515453d47c81e05e82e36221096407e197aada42856cf9",
    "effects.yaml": "sha256:cf7db7f1b193648a99583ccbcc3c7220996e551e2b311667cff4df1e7a7992f8",
    "degradation.yaml": "sha256:c061b9083a12ea2665505088bc9473cf2d1f0caa946e37521d66583742be6869",
    "schemas/in.json": "sha256:a2c799262a3ce3c19ef5cdd983bf3d12b43ab3c426227091b909dcb7054738c0",
    "schemas/out.json": "sha256:a2c799262a3ce3c19ef5cdd983bf3d12b43ab3c426227091b909dcb7054738c0",
    "bindings/rt.yaml": "sha256:6044b190efbee08f6004e171f1d5839993dccfb05113e7fa45c93e89f43f1ba0",
    "conformance/invariants.yaml": "sha256:2012d6738b9e936bb6b0c8c35bbaa05ff576195a3c431bd25436535e01910ad5"
  }
}
